
Microsoft Visual Studio Solution File, Format Version 12.00
# Visual Studio Version 17
VisualStudioVersion = 17.3.32929.385
MinimumVisualStudioVersion = 10.0.40219.1
Project("{9A19103F-16F7-4668-BE54-9A1E7A4F7556}") = "capaDatos", "capaDatos\capaDatos.csproj", "{E543753C-99C2-4700-9354-019842A8B1F7}"
EndProject
Project("{9A19103F-16F7-4668-BE54-9A1E7A4F7556}") = "capaEntidad", "capaEntidad\capaEntidad.csproj", "{4F61B36F-4C7F-4E27-95FB-61DDCB490227}"
EndProject
Project("{9A19103F-16F7-4668-BE54-9A1E7A4F7556}") = "capaPresentacion", "capaPresentacion\capaPresentacion.csproj", "{DADFEDED-E5BB-4EB7-A7B1-8ACDDFB8441F}"
EndProject
Global
	GlobalSection(SolutionConfigurationPlatforms) = preSolution
		Debug|Any CPU = Debug|Any CPU
		Release|Any CPU = Release|Any CPU
	EndGlobalSection
	GlobalSection(ProjectConfigurationPlatforms) = postSolution
		{E543753C-99C2-4700-9354-019842A8B1F7}.Debug|Any CPU.ActiveCfg = Debug|Any CPU
		{E543753C-99C2-4700-9354-019842A8B1F7}.Debug|Any CPU.Build.0 = Debug|Any CPU
		{E543753C-99C2-4700-9354-019842A8B1F7}.Release|Any CPU.ActiveCfg = Release|Any CPU
		{E543753C-99C2-4700-9354-019842A8B1F7}.Release|Any CPU.Build.0 = Release|Any CPU
		{4F61B36F-4C7F-4E27-95FB-61DDCB490227}.Debug|Any CPU.ActiveCfg = Debug|Any CPU
		{4F61B36F-4C7F-4E27-95FB-61DDCB490227}.Debug|Any CPU.Build.0 = Debug|Any CPU
		{4F61B36F-4C7F-4E27-95FB-61DDCB490227}.Release|Any CPU.ActiveCfg = Release|Any CPU
		{4F61B36F-4C7F-4E27-95FB-61DDCB490227}.Release|Any CPU.Build.0 = Release|Any CPU
		{DADFEDED-E5BB-4EB7-A7B1-8ACDDFB8441F}.Debug|Any CPU.ActiveCfg = Debug|Any CPU
		{DADFEDED-E5BB-4EB7-A7B1-8ACDDFB8441F}.Debug|Any CPU.Build.0 = Debug|Any CPU
		{DADFEDED-E5BB-4EB7-A7B1-8ACDDFB8441F}.Release|Any CPU.ActiveCfg = Release|Any CPU
		{DADFEDED-E5BB-4EB7-A7B1-8ACDDFB8441F}.Release|Any CPU.Build.0 = Release|Any CPU
	EndGlobalSection
	GlobalSection(SolutionProperties) = preSolution
		HideSolutionNode = FALSE
	EndGlobalSection
	GlobalSection(ExtensibilityGlobals) = postSolution
		SolutionGuid = {FDA65430-F0C5-4EC5-852B-13E64F63239F}
	EndGlobalSection
EndGlobal
